# This file is automatically @generated by Cargo.
# It is not intended for manual editing.
version = 4

[[package]]
name = "bitflags"
version = "2.13.1"
source = "registry+https://github.com/rust-lang/crates.io-index"
checksum = "b588b76d00fde79687d7646a9b5bdf3cc0f655e0bbd080335a95d7e96f3587da"

[[package]]
name = "init"
version = "0.1.0"
dependencies = [
 "libos",
]

[[package]]
name = "libos"
version = "0.1.0"
dependencies = [
 "vain-abi",
]

[[package]]
name = "limine"
version = "0.5.0"
source = "registry+https://github.com/rust-lang/crates.io-index"
checksum = "af6d2ee42712e7bd2c787365cd1dab06ef59a61becbf87bec7b32b970bd2594b"
dependencies = [
 "bitflags",
]

[[package]]
name = "vain-abi"
version = "0.1.0"

[[package]]
name = "vain-allocator"
version = "0.1.0"

[[package]]
name = "vain-elf"
version = "0.1.0"

[[package]]
name = "vain-kernel"
version = "0.1.0"
dependencies = [
 "bitflags",
 "limine",
 "vain-abi",
 "vain-allocator",
 "vain-elf",
]

[[package]]
name = "xtask"
version = "0.1.0"
